// !$*UTF8*$!
{
	archiveVersion = 1;
	classes = {
	};
	objectVersion = 50;
	objects = {

/* Begin PBXBuildFile section */
		45A8DF4D23F6E4250061B0B9 /* AppDelegate.swift in Sources */ = {isa = PBXBuildFile; fileRef = 45A8DF4C23F6E4250061B0B9 /* AppDelegate.swift */; };
		45A8DF4F23F6E4250061B0B9 /* ViewController.swift in Sources */ = {isa = PBXBuildFile; fileRef = 45A8DF4E23F6E4250061B0B9 /* ViewController.swift */; };
		45A8DF5223F6E4250061B0B9 /* Main.storyboard in Resources */ = {isa = PBXBuildFile; fileRef = 45A8DF5023F6E4250061B0B9 /* Main.storyboard */; };
		45A8DF5423F6E4260061B0B9 /* Assets.xcassets in Resources */ = {isa = PBXBuildFile; fileRef = 45A8DF5323F6E4260061B0B9 /* Assets.xcassets */; };
		45A8DF5723F6E4260061B0B9 /* LaunchScreen.storyboard in Resources */ = {isa = PBXBuildFile; fileRef = 45A8DF5523F6E4260061B0B9 /* LaunchScreen.storyboard */; };
		45A8DF6223F6E4270061B0B9 /* appTableViewTests.swift in Sources */ = {isa = PBXBuildFile; fileRef = 45A8DF6123F6E4270061B0B9 /* appTableViewTests.swift */; };
		45A8DF6D23F6E4270061B0B9 /* appTableViewUITests.swift in Sources */ = {isa = PBXBuildFile; fileRef = 45A8DF6C23F6E4270061B0B9 /* appTableViewUITests.swift */; };
		45A8DF7F23F6E8590061B0B9 /* TableViewController.swift in Sources */ = {isa = PBXBuildFile; fileRef = 45A8DF7E23F6E8590061B0B9 /* TableViewController.swift */; };
		45A8DF8123F6E97D0061B0B9 /* Cliente.swift in Sources */ = {isa = PBXBuildFile; fileRef = 45A8DF8023F6E97D0061B0B9 /* Cliente.swift */; };
		45A8DF8323F6F4580061B0B9 /* TableViewCell.swift in Sources */ = {isa = PBXBuildFile; fileRef = 45A8DF8223F6F4580061B0B9 /* TableViewCell.swift */; };
/* End PBXBuildFile section */

/* Begin PBXContainerItemProxy section */
		45A8DF5E23F6E4270061B0B9 /* PBXContainerItemProxy */ = {
			isa = PBXContainerItemProxy;
			containerPortal = 45A8DF4123F6E4250061B0B9 /* Project object */;
			proxyType = 1;
			remoteGlobalIDString = 45A8DF4823F6E4250061B0B9;
			remoteInfo = appTableView;
		};
		45A8DF6923F6E4270061B0B9 /* PBXContainerItemProxy */ = {
			isa = PBXContainerItemProxy;
			containerPortal = 45A8DF4123F6E4250061B0B9 /* Project object */;
			proxyType = 1;
			remoteGlobalIDString = 45A8DF4823F6E4250061B0B9;
			remoteInfo = appTableView;
		};
/* End PBXContainerItemProxy section */

/* Begin PBXFileReference section */
		45A8DF4923F6E4250061B0B9 /* appTableView.app */ = {isa = PBXFileReference; explicitFileType = wrapper.application; includeInIndex = 0; path = appTableView.app; sourceTree = BUILT_PRODUCTS_DIR; };
		45A8DF4C23F6E4250061B0B9 /* AppDelegate.swift */ = {isa = PBXFileReference; lastKnownFileType = sourcecode.swift; path = AppDelegate.swift; sourceTree = "<group>"; };
		45A8DF4E23F6E4250061B0B9 /* ViewController.swift */ = {isa = PBXFileReference; lastKnownFileType = sourcecode.swift; path = ViewController.swift; sourceTree = "<group>"; };
		45A8DF5123F6E4250061B0B9 /* Base */ = {isa = PBXFileReference; lastKnownFileType = file.storyboard; name = Base; path = Base.lproj/Main.storyboard; sourceTree = "<group>"; };
		45A8DF5323F6E4260061B0B9 /* Assets.xcassets */ = {isa = PBXFileReference; lastKnownFileType = folder.assetcatalog; path = Assets.xcassets; sourceTree = "<group>"; };
		45A8DF5623F6E4260061B0B9 /* Base */ = {isa = PBXFileReference; lastKnownFileType = file.storyboard; name = Base; path = Base.lproj/LaunchScreen.storyboard; sourceTree = "<group>"; };
		45A8DF5823F6E4260061B0B9 /* Info.plist */ = {isa = PBXFileReference; lastKnownFileType = text.plist.xml; path = Info.plist; sourceTree = "<group>"; };
		45A8DF5D23F6E4270061B0B9 /* appTableViewTests.xctest */ = {isa = PBXFileReference; explicitFileType = wrapper.cfbundle; includeInIndex = 0; path = appTableViewTests.xctest; sourceTree = BUILT_PRODUCTS_DIR; };
		45A8DF6123F6E4270061B0B9 /* appTableViewTests.swift */ = {isa = PBXFileReference; lastKnownFileType = sourcecode.swift; path = appTableViewTests.swift; sourceTree = "<group>"; };
		45A8DF6323F6E4270061B0B9 /* Info.plist */ = {isa = PBXFileReference; lastKnownFileType = text.plist.xml; path = Info.plist; sourceTree = "<group>"; };
		45A8DF6823F6E4270061B0B9 /* appTableViewUITests.xctest */ = {isa = PBXFileReference; explicitFileType = wrapper.cfbundle; includeInIndex = 0; path = appTableViewUITests.xctest; sourceTree = BUILT_PRODUCTS_DIR; };
		45A8DF6C23F6E4270061B0B9 /* appTableViewUITests.swift */ = {isa = PBXFileReference; lastKnownFileType = sourcecode.swift; path = appTableViewUITests.swift; sourceTree = "<group>"; };
		45A8DF6E23F6E4270061B0B9 /* Info.plist */ = {isa = PBXFileReference; lastKnownFileType = text.plist.xml; path = Info.plist; sourceTree = "<group>"; };
		45A8DF7E23F6E8590061B0B9 /* TableViewController.swift */ = {isa = PBXFileReference; lastKnownFileType = sourcecode.swift; path = TableViewController.swift; sourceTree = "<group>"; };
		45A8DF8023F6E97D0061B0B9 /* Cliente.swift */ = {isa = PBXFileReference; lastKnownFileType = sourcecode.swift; path = Cliente.swift; sourceTree = "<group>"; };
		45A8DF8223F6F4580061B0B9 /* TableViewCell.swift */ = {isa = PBXFileReference; lastKnownFileType = sourcecode.swift; path = TableViewCell.swift; sourceTree = "<group>"; };
/* End PBXFileReference section */

/* Begin PBXFrameworksBuildPhase section */
		45A8DF4623F6E4250061B0B9 /* Frameworks */ = {
			isa = PBXFrameworksBuildPhase;
			buildActionMask = 2147483647;
			files = (
			);
			runOnlyForDeploymentPostprocessing = 0;
		};
		45A8DF5A23F6E4270061B0B9 /* Frameworks */ = {
			isa = PBXFrameworksBuildPhase;
			buildActionMask = 2147483647;
			files = (
			);
			runOnlyForDeploymentPostprocessing = 0;
		};
		45A8DF6523F6E4270061B0B9 /* Frameworks */ = {
			isa = PBXFrameworksBuildPhase;
			buildActionMask = 2147483647;
			files = (
			);
			runOnlyForDeploymentPostprocessing = 0;
		};
/* End PBXFrameworksBuildPhase section */

/* Begin PBXGroup section */
		45A8DF4023F6E4250061B0B9 = {
			isa = PBXGroup;
			children = (
				45A8DF4B23F6E4250061B0B9 /* appTableView */,
				45A8DF6023F6E4270061B0B9 /* appTableViewTests */,
				45A8DF6B23F6E4270061B0B9 /* appTableViewUITests */,
				45A8DF4A23F6E4250061B0B9 /* Products */,
			);
			sourceTree = "<group>";
		};
		45A8DF4A23F6E4250061B0B9 /* Products */ = {
			isa = PBXGroup;
			children = (
				45A8DF4923F6E4250061B0B9 /* appTableView.app */,
				45A8DF5D23F6E4270061B0B9 /* appTableViewTests.xctest */,
				45A8DF6823F6E4270061B0B9 /* appTableViewUITests.xctest */,
			);
			name = Products;
			sourceTree = "<group>";
		};
		45A8DF4B23F6E4250061B0B9 /* appTableView */ = {
			isa = PBXGroup;
			children = (
				45A8DF4C23F6E4250061B0B9 /* AppDelegate.swift */,
				45A8DF4E23F6E4250061B0B9 /* ViewController.swift */,
				45A8DF5023F6E4250061B0B9 /* Main.storyboard */,
				45A8DF5323F6E4260061B0B9 /* Assets.xcassets */,
				45A8DF5523F6E4260061B0B9 /* LaunchScreen.storyboard */,
				45A8DF5823F6E4260061B0B9 /* Info.plist */,
				45A8DF7E23F6E8590061B0B9 /* TableViewController.swift */,
				45A8DF8023F6E97D0061B0B9 /* Cliente.swift */,
				45A8DF8223F6F4580061B0B9 /* TableViewCell.swift */,
			);
			path = appTableView;
			sourceTree = "<group>";
		};
		45A8DF6023F6E4270061B0B9 /* appTableViewTests */ = {
			isa = PBXGroup;
			children = (
				45A8DF6123F6E4270061B0B9 /* appTableViewTests.swift */,
				45A8DF6323F6E4270061B0B9 /* Info.plist */,
			);
			path = appTableViewTests;
			sourceTree = "<group>";
		};
		45A8DF6B23F6E4270061B0B9 /* appTableViewUITests */ = {
			isa = PBXGroup;
			children = (
				45A8DF6C23F6E4270061B0B9 /* appTableViewUITests.swift */,
				45A8DF6E23F6E4270061B0B9 /* Info.plist */,
			);
			path = appTableViewUITests;
			sourceTree = "<group>";
		};
/* End PBXGroup section */

/* Begin PBXNativeTarget section */
		45A8DF4823F6E4250061B0B9 /* appTableView */ = {
			isa = PBXNativeTarget;
			buildConfigurationList = 45A8DF7123F6E4270061B0B9 /* Build configuration list for PBXNativeTarget "appTableView" */;
			buildPhases = (
				45A8DF4523F6E4250061B0B9 /* Sources */,
				45A8DF4623F6E4250061B0B9 /* Frameworks */,
				45A8DF4723F6E4250061B0B9 /* Resources */,
			);
			buildRules = (
			);
			dependencies = (
			);
			name = appTableView;
			productName = appTableView;
			productReference = 45A8DF4923F6E4250061B0B9 /* appTableView.app */;
			productType = "com.apple.product-type.application";
		};
		45A8DF5C23F6E4270061B0B9 /* appTableViewTests */ = {
			isa = PBXNativeTarget;
			buildConfigurationList = 45A8DF7423F6E4270061B0B9 /* Build configuration list for PBXNativeTarget "appTableViewTests" */;
			buildPhases = (
				45A8DF5923F6E4270061B0B9 /* Sources */,
				45A8DF5A23F6E4270061B0B9 /* Frameworks */,
				45A8DF5B23F6E4270061B0B9 /* Resources */,
			);
			buildRules = (
			);
			dependencies = (
				45A8DF5F23F6E4270061B0B9 /* PBXTargetDependency */,
			);
			name = appTableViewTests;
			productName = appTableViewTests;
			productReference = 45A8DF5D23F6E4270061B0B9 /* appTableViewTests.xctest */;
			productType = "com.apple.product-type.bundle.unit-test";
		};
		45A8DF6723F6E4270061B0B9 /* appTableViewUITests */ = {
			isa = PBXNativeTarget;
			buildConfigurationList = 45A8DF7723F6E4270061B0B9 /* Build configuration list for PBXNativeTarget "appTableViewUITests" */;
			buildPhases = (
				45A8DF6423F6E4270061B0B9 /* Sources */,
				45A8DF6523F6E4270061B0B9 /* Frameworks */,
				45A8DF6623F6E4270061B0B9 /* Resources */,
			);
			buildRules = (
			);
			dependencies = (
				45A8DF6A23F6E4270061B0B9 /* PBXTargetDependency */,
			);
			name = appTableViewUITests;
			productName = appTableViewUITests;
			productReference = 45A8DF6823F6E4270061B0B9 /* appTableViewUITests.xctest */;
			productType = "com.apple.product-type.bundle.ui-testing";
		};
/* End PBXNativeTarget section */

/* Begin PBXProject section */
		45A8DF4123F6E4250061B0B9 /* Project object */ = {
			isa = PBXProject;
			attributes = {
				LastSwiftUpdateCheck = 1010;
				LastUpgradeCheck = 1010;
				ORGANIZATIONNAME = "Tecnologico Roque";
				TargetAttributes = {
					45A8DF4823F6E4250061B0B9 = {
						CreatedOnToolsVersion = 10.1;
					};
					45A8DF5C23F6E4270061B0B9 = {
						CreatedOnToolsVersion = 10.1;
						TestTargetID = 45A8DF4823F6E4250061B0B9;
					};
					45A8DF6723F6E4270061B0B9 = {
						CreatedOnToolsVersion = 10.1;
						TestTargetID = 45A8DF4823F6E4250061B0B9;
					};
				};
			};
			buildConfigurationList = 45A8DF4423F6E4250061B0B9 /* Build configuration list for PBXProject "appTableView" */;
			compatibilityVersion = "Xcode 9.3";
			developmentRegion = en;
			hasScannedForEncodings = 0;
			knownRegions = (
				en,
				Base,
			);
			mainGroup = 45A8DF4023F6E4250061B0B9;
			productRefGroup = 45A8DF4A23F6E4250061B0B9 /* Products */;
			projectDirPath = "";
			projectRoot = "";
			targets = (
				45A8DF4823F6E4250061B0B9 /* appTableView */,
				45A8DF5C23F6E4270061B0B9 /* appTableViewTests */,
				45A8DF6723F6E4270061B0B9 /* appTableViewUITests */,
			);
		};
/* End PBXProject section */

/* Begin PBXResourcesBuildPhase section */
		45A8DF4723F6E4250061B0B9 /* Resources */ = {
			isa = PBXResourcesBuildPhase;
			buildActionMask = 2147483647;
			files = (
				45A8DF5723F6E4260061B0B9 /* LaunchScreen.storyboard in Resources */,
				45A8DF5423F6E4260061B0B9 /* Assets.xcassets in Resources */,
				45A8DF5223F6E4250061B0B9 /* Main.storyboard in Resources */,
			);
			runOnlyForDeploymentPostprocessing = 0;
		};
		45A8DF5B23F6E4270061B0B9 /* Resources */ = {
			isa = PBXResourcesBuildPhase;
			buildActionMask = 2147483647;
			files = (
			);
			runOnlyForDeploymentPostprocessing = 0;
		};
		45A8DF6623F6E4270061B0B9 /* Resources */ = {
			isa = PBXResourcesBuildPhase;
			buildActionMask = 2147483647;
			files = (
			);
			runOnlyForDeploymentPostprocessing = 0;
		};
/* End PBXResourcesBuildPhase section */

/* Begin PBXSourcesBuildPhase section */
		45A8DF4523F6E4250061B0B9 /* Sources */ = {
			isa = PBXSourcesBuildPhase;
			buildActionMask = 2147483647;
			files = (
				45A8DF8323F6F4580061B0B9 /* TableViewCell.swift in Sources */,
				45A8DF8123F6E97D0061B0B9 /* Cliente.swift in Sources */,
				45A8DF4F23F6E4250061B0B9 /* ViewController.swift in Sources */,
				45A8DF7F23F6E8590061B0B9 /* TableViewController.swift in Sources */,
				45A8DF4D23F6E4250061B0B9 /* AppDelegate.swift in Sources */,
			);
			runOnlyForDeploymentPostprocessing = 0;
		};
		45A8DF5923F6E4270061B0B9 /* Sources */ = {
			isa = PBXSourcesBuildPhase;
			buildActionMask = 2147483647;
			files = (
				45A8DF6223F6E4270061B0B9 /* appTableViewTests.swift in Sources */,
			);
			runOnlyForDeploymentPostprocessing = 0;
		};
		45A8DF6423F6E4270061B0B9 /* Sources */ = {
			isa = PBXSourcesBuildPhase;
			buildActionMask = 2147483647;
			files = (
				45A8DF6D23F6E4270061B0B9 /* appTableViewUITests.swift in Sources */,
			);
			runOnlyForDeploymentPostprocessing = 0;
		};
/* End PBXSourcesBuildPhase section */

/* Begin PBXTargetDependency section */
		45A8DF5F23F6E4270061B0B9 /* PBXTargetDependency */ = {
			isa = PBXTargetDependency;
			target = 45A8DF4823F6E4250061B0B9 /* appTableView */;
			targetProxy = 45A8DF5E23F6E4270061B0B9 /* PBXContainerItemProxy */;
		};
		45A8DF6A23F6E4270061B0B9 /* PBXTargetDependency */ = {
			isa = PBXTargetDependency;
			target = 45A8DF4823F6E4250061B0B9 /* appTableView */;
			targetProxy = 45A8DF6923F6E4270061B0B9 /* PBXContainerItemProxy */;
		};
/* End PBXTargetDependency section */

/* Begin PBXVariantGroup section */
		45A8DF5023F6E4250061B0B9 /* Main.storyboard */ = {
			isa = PBXVariantGroup;
			children = (
				45A8DF5123F6E4250061B0B9 /* Base */,
			);
			name = Main.storyboard;
			sourceTree = "<group>";
		};
		45A8DF5523F6E4260061B0B9 /* LaunchScreen.storyboard */ = {
			isa = PBXVariantGroup;
			children = (
				45A8DF5623F6E4260061B0B9 /* Base */,
			);
			name = LaunchScreen.storyboard;
			sourceTree = "<group>";
		};
/* End PBXVariantGroup section */

/* Begin XCBuildConfiguration section */
		45A8DF6F23F6E4270061B0B9 /* Debug */ = {
			isa = XCBuildConfiguration;
			buildSettings = {
				ALWAYS_SEARCH_USER_PATHS = NO;
				CLANG_ANALYZER_NONNULL = YES;
				CLANG_ANALYZER_NUMBER_OBJECT_CONVERSION = YES_AGGRESSIVE;
				CLANG_CXX_LANGUAGE_STANDARD = "gnu++14";
				CLANG_CXX_LIBRARY = "libc++";
				CLANG_ENABLE_MODULES = YES;
				CLANG_ENABLE_OBJC_ARC = YES;
				CLANG_ENABLE_OBJC_WEAK = YES;
				CLANG_WARN_BLOCK_CAPTURE_AUTORELEASING = YES;
				CLANG_WARN_BOOL_CONVERSION = YES;
				CLANG_WARN_COMMA = YES;
				CLANG_WARN_CONSTANT_CONVERSION = YES;
				CLANG_WARN_DEPRECATED_OBJC_IMPLEMENTATIONS = YES;
				CLANG_WARN_DIRECT_OBJC_ISA_USAGE = YES_ERROR;
				CLANG_WARN_DOCUMENTATION_COMMENTS = YES;
				CLANG_WARN_EMPTY_BODY = YES;
				CLANG_WARN_ENUM_CONVERSION = YES;
				CLANG_WARN_INFINITE_RECURSION = YES;
				CLANG_WARN_INT_CONVERSION = YES;
				CLANG_WARN_NON_LITERAL_NULL_CONVERSION = YES;
				CLANG_WARN_OBJC_IMPLICIT_RETAIN_SELF = YES;
				CLANG_WARN_OBJC_LITERAL_CONVERSION = YES;
				CLANG_WARN_OBJC_ROOT_CLASS = YES_ERROR;
				CLANG_WARN_RANGE_LOOP_ANALYSIS = YES;
				CLANG_WARN_STRICT_PROTOTYPES = YES;
				CLANG_WARN_SUSPICIOUS_MOVE = YES;
				CLANG_WARN_UNGUARDED_AVAILABILITY = YES_AGGRESSIVE;
				CLANG_WARN_UNREACHABLE_CODE = YES;
				CLANG_WARN__DUPLICATE_METHOD_MATCH = YES;
				CODE_SIGN_IDENTITY = "iPhone Developer";
				COPY_PHASE_STRIP = NO;
				DEBUG_INFORMATION_FORMAT = dwarf;
				ENABLE_STRICT_OBJC_MSGSEND = YES;
				ENABLE_TESTABILITY = YES;
				GCC_C_LANGUAGE_STANDARD = gnu11;
				GCC_DYNAMIC_NO_PIC = NO;
				GCC_NO_COMMON_BLOCKS = YES;
				GCC_OPTIMIZATION_LEVEL = 0;
				GCC_PREPROCESSOR_DEFINITIONS = (
					"DEBUG=1",
					"$(inherited)",
				);
				GCC_WARN_64_TO_32_BIT_CONVERSION = YES;
				GCC_WARN_ABOUT_RETURN_TYPE = YES_ERROR;
				GCC_WARN_UNDECLARED_SELECTOR = YES;
				GCC_WARN_UNINITIALIZED_AUTOS = YES_AGGRESSIVE;
				GCC_WARN_UNUSED_FUNCTION = YES;
				GCC_WARN_UNUSED_VARIABLE = YES;
				IPHONEOS_DEPLOYMENT_TARGET = 12.1;
				MTL_ENABLE_DEBUG_INFO = INCLUDE_SOURCE;
				MTL_FAST_MATH = YES;
				ONLY_ACTIVE_ARCH = YES;
				SDKROOT = iphoneos;
				SWIFT_ACTIVE_COMPILATION_CONDITIONS = DEBUG;
				SWIFT_OPTIMIZATION_LEVEL = "-Onone";
			};
			name = Debug;
		};
		45A8DF7023F6E4270061B0B9 /* Release */ = {
			isa = XCBuildConfiguration;
			buildSettings = {
				ALWAYS_SEARCH_USER_PATHS = NO;
				CLANG_ANALYZER_NONNULL = YES;
				CLANG_ANALYZER_NUMBER_OBJECT_CONVERSION = YES_AGGRESSIVE;
				CLANG_CXX_LANGUAGE_STANDARD = "gnu++14";
				CLANG_CXX_LIBRARY = "libc++";
				CLANG_ENABLE_MODULES = YES;
				CLANG_ENABLE_OBJC_ARC = YES;
				CLANG_ENABLE_OBJC_WEAK = YES;
				CLANG_WARN_BLOCK_CAPTURE_AUTORELEASING = YES;
				CLANG_WARN_BOOL_CONVERSION = YES;
				CLANG_WARN_COMMA = YES;
				CLANG_WARN_CONSTANT_CONVERSION = YES;
				CLANG_WARN_DEPRECATED_OBJC_IMPLEMENTATIONS = YES;
				CLANG_WARN_DIRECT_OBJC_ISA_USAGE = YES_ERROR;
				CLANG_WARN_DOCUMENTATION_COMMENTS = YES;
				CLANG_WARN_EMPTY_BODY = YES;
				CLANG_WARN_ENUM_CONVERSION = YES;
				CLANG_WARN_INFINITE_RECURSION = YES;
				CLANG_WARN_INT_CONVERSION = YES;
				CLANG_WARN_NON_LITERAL_NULL_CONVERSION = YES;
				CLANG_WARN_OBJC_IMPLICIT_RETAIN_SELF = YES;
				CLANG_WARN_OBJC_LITERAL_CONVERSION = YES;
				CLANG_WARN_OBJC_ROOT_CLASS = YES_ERROR;
				CLANG_WARN_RANGE_LOOP_ANALYSIS = YES;
				CLANG_WARN_STRICT_PROTOTYPES = YES;
				CLANG_WARN_SUSPICIOUS_MOVE = YES;
				CLANG_WARN_UNGUARDED_AVAILABILITY = YES_AGGRESSIVE;
				CLANG_WARN_UNREACHABLE_CODE = YES;
				CLANG_WARN__DUPLICATE_METHOD_MATCH = YES;
				CODE_SIGN_IDENTITY = "iPhone Developer";
				COPY_PHASE_STRIP = NO;
				DEBUG_INFORMATION_FORMAT = "dwarf-with-dsym";
				ENABLE_NS_ASSERTIONS = NO;
				ENABLE_STRICT_OBJC_MSGSEND = YES;
				GCC_C_LANGUAGE_STANDARD = gnu11;
				GCC_NO_COMMON_BLOCKS = YES;
				GCC_WARN_64_TO_32_BIT_CONVERSION = YES;
				GCC_WARN_ABOUT_RETURN_TYPE = YES_ERROR;
				GCC_WARN_UNDECLARED_SELECTOR = YES;
				GCC_WARN_UNINITIALIZED_AUTOS = YES_AGGRESSIVE;
				GCC_WARN_UNUSED_FUNCTION = YES;
				GCC_WARN_UNUSED_VARIABLE = YES;
				IPHONEOS_DEPLOYMENT_TARGET = 12.1;
				MTL_ENABLE_DEBUG_INFO = NO;
				MTL_FAST_MATH = YES;
				SDKROOT = iphoneos;
				SWIFT_COMPILATION_MODE = wholemodule;
				SWIFT_OPTIMIZATION_LEVEL = "-O";
				VALIDATE_PRODUCT = YES;
			};
			name = Release;
		};
		45A8DF7223F6E4270061B0B9 /* Debug */ = {
			isa = XCBuildConfiguration;
			buildSettings = {
				ASSETCATALOG_COMPILER_APPICON_NAME = AppIcon;
				CODE_SIGN_STYLE = Automatic;
				INFOPLIST_FILE = appTableView/Info.plist;
				LD_RUNPATH_SEARCH_PATHS = (
					"$(inherited)",
					"@executable_path/Frameworks",
				);
				PRODUCT_BUNDLE_IDENTIFIER = "Tec-Roque.appTableView";
				PRODUCT_NAME = "$(TARGET_NAME)";
				SWIFT_VERSION = 4.2;
				TARGETED_DEVICE_FAMILY = "1,2";
			};
			name = Debug;
		};
		45A8DF7323F6E4270061B0B9 /* Release */ = {
			isa = XCBuildConfiguration;
			buildSettings = {
				ASSETCATALOG_COMPILER_APPICON_NAME = AppIcon;
				CODE_SIGN_STYLE = Automatic;
				INFOPLIST_FILE = appTableView/Info.plist;
				LD_RUNPATH_SEARCH_PATHS = (
					"$(inherited)",
					"@executable_path/Frameworks",
				);
				PRODUCT_BUNDLE_IDENTIFIER = "Tec-Roque.appTableView";
				PRODUCT_NAME = "$(TARGET_NAME)";
				SWIFT_VERSION = 4.2;
				TARGETED_DEVICE_FAMILY = "1,2";
			};
			name = Release;
		};
		45A8DF7523F6E4270061B0B9 /* Debug */ = {
			isa = XCBuildConfiguration;
			buildSettings = {
				ALWAYS_EMBED_SWIFT_STANDARD_LIBRARIES = YES;
				BUNDLE_LOADER = "$(TEST_HOST)";
				CODE_SIGN_STYLE = Automatic;
				INFOPLIST_FILE = appTableViewTests/Info.plist;
				LD_RUNPATH_SEARCH_PATHS = (
					"$(inherited)",
					"@executable_path/Frameworks",
					"@loader_path/Frameworks",
				);
				PRODUCT_BUNDLE_IDENTIFIER = "Tec-Roque.appTableViewTests";
				PRODUCT_NAME = "$(TARGET_NAME)";
				SWIFT_VERSION = 4.2;
				TARGETED_DEVICE_FAMILY = "1,2";
				TEST_HOST = "$(BUILT_PRODUCTS_DIR)/appTableView.app/appTableView";
			};
			name = Debug;
		};
		45A8DF7623F6E4270061B0B9 /* Release */ = {
			isa = XCBuildConfiguration;
			buildSettings = {
				ALWAYS_EMBED_SWIFT_STANDARD_LIBRARIES = YES;
				BUNDLE_LOADER = "$(TEST_HOST)";
				CODE_SIGN_STYLE = Automatic;
				INFOPLIST_FILE = appTableViewTests/Info.plist;
				LD_RUNPATH_SEARCH_PATHS = (
					"$(inherited)",
					"@executable_path/Frameworks",
					"@loader_path/Frameworks",
				);
				PRODUCT_BUNDLE_IDENTIFIER = "Tec-Roque.appTableViewTests";
				PRODUCT_NAME = "$(TARGET_NAME)";
				SWIFT_VERSION = 4.2;
				TARGETED_DEVICE_FAMILY = "1,2";
				TEST_HOST = "$(BUILT_PRODUCTS_DIR)/appTableView.app/appTableView";
			};
			name = Release;
		};
		45A8DF7823F6E4270061B0B9 /* Debug */ = {
			isa = XCBuildConfiguration;
			buildSettings = {
				ALWAYS_EMBED_SWIFT_STANDARD_LIBRARIES = YES;
				CODE_SIGN_STYLE = Automatic;
				INFOPLIST_FILE = appTableViewUITests/Info.plist;
				LD_RUNPATH_SEARCH_PATHS = (
					"$(inherited)",
					"@executable_path/Frameworks",
					"@loader_path/Frameworks",
				);
				PRODUCT_BUNDLE_IDENTIFIER = "Tec-Roque.appTableViewUITests";
				PRODUCT_NAME = "$(TARGET_NAME)";
				SWIFT_VERSION = 4.2;
				TARGETED_DEVICE_FAMILY = "1,2";
				TEST_TARGET_NAME = appTableView;
			};
			name = Debug;
		};
		45A8DF7923F6E4270061B0B9 /* Release */ = {
			isa = XCBuildConfiguration;
			buildSettings = {
				ALWAYS_EMBED_SWIFT_STANDARD_LIBRARIES = YES;
				CODE_SIGN_STYLE = Automatic;
				INFOPLIST_FILE = appTableViewUITests/Info.plist;
				LD_RUNPATH_SEARCH_PATHS = (
					"$(inherited)",
					"@executable_path/Frameworks",
					"@loader_path/Frameworks",
				);
				PRODUCT_BUNDLE_IDENTIFIER = "Tec-Roque.appTableViewUITests";
				PRODUCT_NAME = "$(TARGET_NAME)";
				SWIFT_VERSION = 4.2;
				TARGETED_DEVICE_FAMILY = "1,2";
				TEST_TARGET_NAME = appTableView;
			};
			name = Release;
		};
/* End XCBuildConfiguration section */

/* Begin XCConfigurationList section */
		45A8DF4423F6E4250061B0B9 /* Build configuration list for PBXProject "appTableView" */ = {
			isa = XCConfigurationList;
			buildConfigurations = (
				45A8DF6F23F6E4270061B0B9 /* Debug */,
				45A8DF7023F6E4270061B0B9 /* Release */,
			);
			defaultConfigurationIsVisible = 0;
			defaultConfigurationName = Release;
		};
		45A8DF7123F6E4270061B0B9 /* Build configuration list for PBXNativeTarget "appTableView" */ = {
			isa = XCConfigurationList;
			buildConfigurations = (
				45A8DF7223F6E4270061B0B9 /* Debug */,
				45A8DF7323F6E4270061B0B9 /* Release */,
			);
			defaultConfigurationIsVisible = 0;
			defaultConfigurationName = Release;
		};
		45A8DF7423F6E4270061B0B9 /* Build configuration list for PBXNativeTarget "appTableViewTests" */ = {
			isa = XCConfigurationList;
			buildConfigurations = (
				45A8DF7523F6E4270061B0B9 /* Debug */,
				45A8DF7623F6E4270061B0B9 /* Release */,
			);
			defaultConfigurationIsVisible = 0;
			defaultConfigurationName = Release;
		};
		45A8DF7723F6E4270061B0B9 /* Build configuration list for PBXNativeTarget "appTableViewUITests" */ = {
			isa = XCConfigurationList;
			buildConfigurations = (
				45A8DF7823F6E4270061B0B9 /* Debug */,
				45A8DF7923F6E4270061B0B9 /* Release */,
			);
			defaultConfigurationIsVisible = 0;
			defaultConfigurationName = Release;
		};
/* End XCConfigurationList section */
	};
	rootObject = 45A8DF4123F6E4250061B0B9 /* Project object */;
}
